<?xml version="1.0" encoding="utf-8"?>
<Project ToolsVersion="17.0" xmlns="http://schemas.microsoft.com/developer/msbuild/2003">
  <ItemGroup>
    <ClCompile Include="$(SolutionDir)odbc-cpp-wrapper\src\odbc\Connection.cpp">
      <Filter>Source Files</Filter>
    </ClCompile>
    <ClCompile Include="$(SolutionDir)odbc-cpp-wrapper\src\odbc\DatabaseMetaData.cpp">
      <Filter>Source Files</Filter>
    </ClCompile>
    <ClCompile Include="$(SolutionDir)odbc-cpp-wrapper\src\odbc\DatabaseMetaDataBase.cpp">
      <Filter>Source Files</Filter>
    </ClCompile>
    <ClCompile Include="$(SolutionDir)odbc-cpp-wrapper\src\odbc\DatabaseMetaDataUnicode.cpp">
      <Filter>Source Files</Filter>
    </ClCompile>
    <ClCompile Include="$(SolutionDir)odbc-cpp-wrapper\src\odbc\Environment.cpp">
      <Filter>Source Files</Filter>
    </ClCompile>
    <ClCompile Include="$(SolutionDir)odbc-cpp-wrapper\src\odbc\Exception.cpp">
      <Filter>Source Files</Filter>
    </ClCompile>
    <ClCompile Include="$(SolutionDir)odbc-cpp-wrapper\src\odbc\ParameterMetaData.cpp">
      <Filter>Source Files</Filter>
    </ClCompile>
    <ClCompile Include="$(SolutionDir)odbc-cpp-wrapper\src\odbc\PreparedStatement.cpp">
      <Filter>Source Files</Filter>
    </ClCompile>
    <ClCompile Include="$(SolutionDir)odbc-cpp-wrapper\src\odbc\RefCounted.cpp">
      <Filter>Source Files</Filter>
    </ClCompile>
    <ClCompile Include="$(SolutionDir)odbc-cpp-wrapper\src\odbc\ResultSet.cpp">
      <Filter>Source Files</Filter>
    </ClCompile>
    <ClCompile Include="$(SolutionDir)odbc-cpp-wrapper\src\odbc\ResultSetMetaData.cpp">
      <Filter>Source Files</Filter>
    </ClCompile>
    <ClCompile Include="$(SolutionDir)odbc-cpp-wrapper\src\odbc\ResultSetMetaDataBase.cpp">
      <Filter>Source Files</Filter>
    </ClCompile>
    <ClCompile Include="$(SolutionDir)odbc-cpp-wrapper\src\odbc\ResultSetMetaDataUnicode.cpp">
      <Filter>Source Files</Filter>
    </ClCompile>
    <ClCompile Include="$(SolutionDir)odbc-cpp-wrapper\src\odbc\Statement.cpp">
      <Filter>Source Files</Filter>
    </ClCompile>
    <ClCompile Include="$(SolutionDir)odbc-cpp-wrapper\src\odbc\StatementBase.cpp">
      <Filter>Source Files</Filter>
    </ClCompile>
    <ClCompile Include="$(SolutionDir)odbc-cpp-wrapper\src\odbc\StringConverter.cpp">
      <Filter>Source Files</Filter>
    </ClCompile>
    <ClCompile Include="$(SolutionDir)odbc-cpp-wrapper\src\odbc\Types.cpp">
      <Filter>Source Files</Filter>
    </ClCompile>
    <ClCompile Include="$(SolutionDir)odbc-cpp-wrapper\src\odbc\Util.cpp">
      <Filter>Source Files</Filter>
    </ClCompile>
    <ClCompile Include="$(SolutionDir)odbc-cpp-wrapper\src\odbc\internal\Batch.cpp">
      <Filter>Source Files</Filter>
    </ClCompile>
    <ClCompile Include="$(SolutionDir)odbc-cpp-wrapper\src\odbc\internal\ParameterData.cpp">
      <Filter>Source Files</Filter>
    </ClCompile>
    <ClCompile Include="$(SolutionDir)odbc-cpp-wrapper\src\odbc\internal\UtilInternal.cpp">
      <Filter>Source Files</Filter>
    </ClCompile>
  </ItemGroup>
  <ItemGroup>
    <Filter Include="Source Files">
      <UniqueIdentifier>{026B5F8B-2914-34CC-92E3-0DC695A32BE3}</UniqueIdentifier>
    </Filter>
  </ItemGroup>
</Project>